
Microsoft Visual Studio Solution File, Format Version 12.00
# Visual Studio Version 16
VisualStudioVersion = 16.0.30114.105
MinimumVisualStudioVersion = 10.0.40219.1
Project("{2150E333-8FDC-42A3-9474-1A3956D46DE8}") = "backend", "backend", "{18A34160-67D9-48F3-B909-C505EB1C49C8}"
EndProject
Project("{FAE04EC0-301F-11D3-BF4B-00C04F79EFBC}") = "SysInfoLib", "backend\SysInfoLib\SysInfoLib.csproj", "{FF4B7469-2356-4EF6-89E7-526207190C3B}"
EndProject
Project("{FAE04EC0-301F-11D3-BF4B-00C04F79EFBC}") = "SysInfoLib.Tests", "backend\SysInfoLib.Tests\SysInfoLib.Tests.csproj", "{FA90C6D9-D4F4-40D5-83FC-E42672CF783B}"
EndProject
Global
	GlobalSection(SolutionConfigurationPlatforms) = preSolution
		Debug|Any CPU = Debug|Any CPU
		Release|Any CPU = Release|Any CPU
	EndGlobalSection
	GlobalSection(SolutionProperties) = preSolution
		HideSolutionNode = FALSE
	EndGlobalSection
	GlobalSection(ProjectConfigurationPlatforms) = postSolution
		{FF4B7469-2356-4EF6-89E7-526207190C3B}.Debug|Any CPU.ActiveCfg = Debug|Any CPU
		{FF4B7469-2356-4EF6-89E7-526207190C3B}.Debug|Any CPU.Build.0 = Debug|Any CPU
		{FF4B7469-2356-4EF6-89E7-526207190C3B}.Release|Any CPU.ActiveCfg = Release|Any CPU
		{FF4B7469-2356-4EF6-89E7-526207190C3B}.Release|Any CPU.Build.0 = Release|Any CPU
		{FA90C6D9-D4F4-40D5-83FC-E42672CF783B}.Debug|Any CPU.ActiveCfg = Debug|Any CPU
		{FA90C6D9-D4F4-40D5-83FC-E42672CF783B}.Debug|Any CPU.Build.0 = Debug|Any CPU
		{FA90C6D9-D4F4-40D5-83FC-E42672CF783B}.Release|Any CPU.ActiveCfg = Release|Any CPU
		{FA90C6D9-D4F4-40D5-83FC-E42672CF783B}.Release|Any CPU.Build.0 = Release|Any CPU
	EndGlobalSection
	GlobalSection(NestedProjects) = preSolution
		{FF4B7469-2356-4EF6-89E7-526207190C3B} = {18A34160-67D9-48F3-B909-C505EB1C49C8}
		{FA90C6D9-D4F4-40D5-83FC-E42672CF783B} = {18A34160-67D9-48F3-B909-C505EB1C49C8}
	EndGlobalSection
EndGlobal
